
Microsoft Visual Studio Solution File, Format Version 12.00
# Visual Studio Version 17
VisualStudioVersion = 17.1.32407.343
MinimumVisualStudioVersion = 10.0.40219.1
Project("{FAE04EC0-301F-11D3-BF4B-00C04F79EFBC}") = "Renderer", "Renderer\Renderer.csproj", "{09C1BE17-8009-4FAC-B838-9572F88663DA}"
EndProject
Project("{E53339B2-1760-4266-BCC7-CA923CBCF16C}") = "docker-compose", "docker-compose.dcproj", "{FFB35707-2A32-4806-B503-0BF19FFBBE77}"
EndProject
Global
	GlobalSection(SolutionConfigurationPlatforms) = preSolution
		Debug|Any CPU = Debug|Any CPU
		Release|Any CPU = Release|Any CPU
	EndGlobalSection
	GlobalSection(ProjectConfigurationPlatforms) = postSolution
		{09C1BE17-8009-4FAC-B838-9572F88663DA}.Debug|Any CPU.ActiveCfg = Debug|Any CPU
		{09C1BE17-8009-4FAC-B838-9572F88663DA}.Debug|Any CPU.Build.0 = Debug|Any CPU
		{09C1BE17-8009-4FAC-B838-9572F88663DA}.Release|Any CPU.ActiveCfg = Release|Any CPU
		{09C1BE17-8009-4FAC-B838-9572F88663DA}.Release|Any CPU.Build.0 = Release|Any CPU
		{FFB35707-2A32-4806-B503-0BF19FFBBE77}.Debug|Any CPU.ActiveCfg = Debug|Any CPU
		{FFB35707-2A32-4806-B503-0BF19FFBBE77}.Debug|Any CPU.Build.0 = Debug|Any CPU
		{FFB35707-2A32-4806-B503-0BF19FFBBE77}.Release|Any CPU.ActiveCfg = Release|Any CPU
		{FFB35707-2A32-4806-B503-0BF19FFBBE77}.Release|Any CPU.Build.0 = Release|Any CPU
	EndGlobalSection
	GlobalSection(SolutionProperties) = preSolution
		HideSolutionNode = FALSE
	EndGlobalSection
	GlobalSection(ExtensibilityGlobals) = postSolution
		SolutionGuid = {DF503C13-0BB7-4741-939B-4208A81E402E}
	EndGlobalSection
EndGlobal
